
Microsoft Visual Studio Solution File, Format Version 12.00
# Visual Studio Version 17
VisualStudioVersion = 17.0.32112.339
MinimumVisualStudioVersion = 10.0.40219.1
Project("{FAE04EC0-301F-11D3-BF4B-00C04F79EFBC}") = "DiceGame", "DiceGame.csproj", "{AAF30F41-0731-44FC-A76A-A7BE6A5DE725}"
EndProject
Project("{9A19103F-16F7-4668-BE54-9A1E7A4F7556}") = "Dice", "..\GetDiceList\Dice.csproj", "{6F6649C5-E972-499A-8899-025B0DAA8C10}"
EndProject
Project("{C7167F0D-BC9F-4E6E-AFE1-012C56B48DB5}") = "Packaging", "..\Packaging\Packaging.wapproj", "{DEC94B97-DEE2-45DA-A28C-FFAD673B354B}"
EndProject
Global
	GlobalSection(SolutionConfigurationPlatforms) = preSolution
		Debug|Any CPU = Debug|Any CPU
		Debug|ARM = Debug|ARM
		Debug|ARM64 = Debug|ARM64
		Debug|x64 = Debug|x64
		Debug|x86 = Debug|x86
		Release|Any CPU = Release|Any CPU
		Release|ARM = Release|ARM
		Release|ARM64 = Release|ARM64
		Release|x64 = Release|x64
		Release|x86 = Release|x86
	EndGlobalSection
	GlobalSection(ProjectConfigurationPlatforms) = postSolution
		{AAF30F41-0731-44FC-A76A-A7BE6A5DE725}.Debug|Any CPU.ActiveCfg = Debug|Any CPU
		{AAF30F41-0731-44FC-A76A-A7BE6A5DE725}.Debug|Any CPU.Build.0 = Debug|Any CPU
		{AAF30F41-0731-44FC-A76A-A7BE6A5DE725}.Debug|ARM.ActiveCfg = Debug|Any CPU
		{AAF30F41-0731-44FC-A76A-A7BE6A5DE725}.Debug|ARM.Build.0 = Debug|Any CPU
		{AAF30F41-0731-44FC-A76A-A7BE6A5DE725}.Debug|ARM64.ActiveCfg = Debug|Any CPU
		{AAF30F41-0731-44FC-A76A-A7BE6A5DE725}.Debug|ARM64.Build.0 = Debug|Any CPU
		{AAF30F41-0731-44FC-A76A-A7BE6A5DE725}.Debug|x64.ActiveCfg = Debug|Any CPU
		{AAF30F41-0731-44FC-A76A-A7BE6A5DE725}.Debug|x64.Build.0 = Debug|Any CPU
		{AAF30F41-0731-44FC-A76A-A7BE6A5DE725}.Debug|x86.ActiveCfg = Debug|Any CPU
		{AAF30F41-0731-44FC-A76A-A7BE6A5DE725}.Debug|x86.Build.0 = Debug|Any CPU
		{AAF30F41-0731-44FC-A76A-A7BE6A5DE725}.Release|Any CPU.ActiveCfg = Release|Any CPU
		{AAF30F41-0731-44FC-A76A-A7BE6A5DE725}.Release|Any CPU.Build.0 = Release|Any CPU
		{AAF30F41-0731-44FC-A76A-A7BE6A5DE725}.Release|ARM.ActiveCfg = Release|Any CPU
		{AAF30F41-0731-44FC-A76A-A7BE6A5DE725}.Release|ARM.Build.0 = Release|Any CPU
		{AAF30F41-0731-44FC-A76A-A7BE6A5DE725}.Release|ARM64.ActiveCfg = Release|Any CPU
		{AAF30F41-0731-44FC-A76A-A7BE6A5DE725}.Release|ARM64.Build.0 = Release|Any CPU
		{AAF30F41-0731-44FC-A76A-A7BE6A5DE725}.Release|x64.ActiveCfg = Release|Any CPU
		{AAF30F41-0731-44FC-A76A-A7BE6A5DE725}.Release|x64.Build.0 = Release|Any CPU
		{AAF30F41-0731-44FC-A76A-A7BE6A5DE725}.Release|x86.ActiveCfg = Release|Any CPU
		{AAF30F41-0731-44FC-A76A-A7BE6A5DE725}.Release|x86.Build.0 = Release|Any CPU
		{6F6649C5-E972-499A-8899-025B0DAA8C10}.Debug|Any CPU.ActiveCfg = Debug|Any CPU
		{6F6649C5-E972-499A-8899-025B0DAA8C10}.Debug|Any CPU.Build.0 = Debug|Any CPU
		{6F6649C5-E972-499A-8899-025B0DAA8C10}.Debug|ARM.ActiveCfg = Debug|Any CPU
		{6F6649C5-E972-499A-8899-025B0DAA8C10}.Debug|ARM.Build.0 = Debug|Any CPU
		{6F6649C5-E972-499A-8899-025B0DAA8C10}.Debug|ARM64.ActiveCfg = Debug|Any CPU
		{6F6649C5-E972-499A-8899-025B0DAA8C10}.Debug|ARM64.Build.0 = Debug|Any CPU
		{6F6649C5-E972-499A-8899-025B0DAA8C10}.Debug|x64.ActiveCfg = Debug|Any CPU
		{6F6649C5-E972-499A-8899-025B0DAA8C10}.Debug|x64.Build.0 = Debug|Any CPU
		{6F6649C5-E972-499A-8899-025B0DAA8C10}.Debug|x86.ActiveCfg = Debug|Any CPU
		{6F6649C5-E972-499A-8899-025B0DAA8C10}.Debug|x86.Build.0 = Debug|Any CPU
		{6F6649C5-E972-499A-8899-025B0DAA8C10}.Release|Any CPU.ActiveCfg = Release|Any CPU
		{6F6649C5-E972-499A-8899-025B0DAA8C10}.Release|Any CPU.Build.0 = Release|Any CPU
		{6F6649C5-E972-499A-8899-025B0DAA8C10}.Release|ARM.ActiveCfg = Release|Any CPU
		{6F6649C5-E972-499A-8899-025B0DAA8C10}.Release|ARM.Build.0 = Release|Any CPU
		{6F6649C5-E972-499A-8899-025B0DAA8C10}.Release|ARM64.ActiveCfg = Release|Any CPU
		{6F6649C5-E972-499A-8899-025B0DAA8C10}.Release|ARM64.Build.0 = Release|Any CPU
		{6F6649C5-E972-499A-8899-025B0DAA8C10}.Release|x64.ActiveCfg = Release|Any CPU
		{6F6649C5-E972-499A-8899-025B0DAA8C10}.Release|x64.Build.0 = Release|Any CPU
		{6F6649C5-E972-499A-8899-025B0DAA8C10}.Release|x86.ActiveCfg = Release|Any CPU
		{6F6649C5-E972-499A-8899-025B0DAA8C10}.Release|x86.Build.0 = Release|Any CPU
		{DEC94B97-DEE2-45DA-A28C-FFAD673B354B}.Debug|Any CPU.ActiveCfg = Debug|Any CPU
		{DEC94B97-DEE2-45DA-A28C-FFAD673B354B}.Debug|Any CPU.Build.0 = Debug|Any CPU
		{DEC94B97-DEE2-45DA-A28C-FFAD673B354B}.Debug|Any CPU.Deploy.0 = Debug|Any CPU
		{DEC94B97-DEE2-45DA-A28C-FFAD673B354B}.Debug|ARM.ActiveCfg = Debug|ARM
		{DEC94B97-DEE2-45DA-A28C-FFAD673B354B}.Debug|ARM.Build.0 = Debug|ARM
		{DEC94B97-DEE2-45DA-A28C-FFAD673B354B}.Debug|ARM.Deploy.0 = Debug|ARM
		{DEC94B97-DEE2-45DA-A28C-FFAD673B354B}.Debug|ARM64.ActiveCfg = Debug|ARM64
		{DEC94B97-DEE2-45DA-A28C-FFAD673B354B}.Debug|ARM64.Build.0 = Debug|ARM64
		{DEC94B97-DEE2-45DA-A28C-FFAD673B354B}.Debug|ARM64.Deploy.0 = Debug|ARM64
		{DEC94B97-DEE2-45DA-A28C-FFAD673B354B}.Debug|x64.ActiveCfg = Debug|x64
		{DEC94B97-DEE2-45DA-A28C-FFAD673B354B}.Debug|x64.Build.0 = Debug|x64
		{DEC94B97-DEE2-45DA-A28C-FFAD673B354B}.Debug|x64.Deploy.0 = Debug|x64
		{DEC94B97-DEE2-45DA-A28C-FFAD673B354B}.Debug|x86.ActiveCfg = Debug|x86
		{DEC94B97-DEE2-45DA-A28C-FFAD673B354B}.Debug|x86.Build.0 = Debug|x86
		{DEC94B97-DEE2-45DA-A28C-FFAD673B354B}.Debug|x86.Deploy.0 = Debug|x86
		{DEC94B97-DEE2-45DA-A28C-FFAD673B354B}.Release|Any CPU.ActiveCfg = Release|Any CPU
		{DEC94B97-DEE2-45DA-A28C-FFAD673B354B}.Release|Any CPU.Build.0 = Release|Any CPU
		{DEC94B97-DEE2-45DA-A28C-FFAD673B354B}.Release|Any CPU.Deploy.0 = Release|Any CPU
		{DEC94B97-DEE2-45DA-A28C-FFAD673B354B}.Release|ARM.ActiveCfg = Release|ARM
		{DEC94B97-DEE2-45DA-A28C-FFAD673B354B}.Release|ARM.Build.0 = Release|ARM
		{DEC94B97-DEE2-45DA-A28C-FFAD673B354B}.Release|ARM.Deploy.0 = Release|ARM
		{DEC94B97-DEE2-45DA-A28C-FFAD673B354B}.Release|ARM64.ActiveCfg = Release|ARM64
		{DEC94B97-DEE2-45DA-A28C-FFAD673B354B}.Release|ARM64.Build.0 = Release|ARM64
		{DEC94B97-DEE2-45DA-A28C-FFAD673B354B}.Release|ARM64.Deploy.0 = Release|ARM64
		{DEC94B97-DEE2-45DA-A28C-FFAD673B354B}.Release|x64.ActiveCfg = Release|x64
		{DEC94B97-DEE2-45DA-A28C-FFAD673B354B}.Release|x64.Build.0 = Release|x64
		{DEC94B97-DEE2-45DA-A28C-FFAD673B354B}.Release|x64.Deploy.0 = Release|x64
		{DEC94B97-DEE2-45DA-A28C-FFAD673B354B}.Release|x86.ActiveCfg = Release|x86
		{DEC94B97-DEE2-45DA-A28C-FFAD673B354B}.Release|x86.Build.0 = Release|x86
		{DEC94B97-DEE2-45DA-A28C-FFAD673B354B}.Release|x86.Deploy.0 = Release|x86
	EndGlobalSection
	GlobalSection(SolutionProperties) = preSolution
		HideSolutionNode = FALSE
	EndGlobalSection
	GlobalSection(ExtensibilityGlobals) = postSolution
		SolutionGuid = {7AE4A969-8C31-401B-862F-3210BFAD591A}
	EndGlobalSection
EndGlobal
